# GEMINI_API_KEY: Required for Gemini AI API calls.
# AI Studio automatically injects this at runtime from user secrets.
# Users configure this via the Secrets panel in the AI Studio UI.
GEMINI_API_KEY="MY_GEMINI_API_KEY"

# APP_URL: The URL where this applet is hosted.
# AI Studio automatically injects this at runtime with the Cloud Run service URL.
# Used for self-referential links, OAuth callbacks, and API endpoints.
APP_URL="MY_APP_URL"

# ADMIN_PASSWORD: The password protecting the Admin Access portal.
# Defaults to "umidali_2010" if not defined.
ADMIN_PASSWORD=umidali_2010

# SMTP Configuration for sending real verification emails
SMTP_HOST=smtp.gmail.com
SMTP_PORT=465
SMTP_USER=your_email@gmail.com
SMTP_PASS=your_gmail_app_password

# Eskiz.uz SMS API Configuration (Uzbekistan SMS gateway)
ESKIZ_EMAIL=your_eskiz_email@gmail.com
ESKIZ_PASSWORD=your_eskiz_password

# Twilio SMS API Configuration (Alternative SMS gateway)
TWILIO_ACCOUNT_SID=your_twilio_sid
TWILIO_AUTH_TOKEN=your_twilio_token
TWILIO_PHONE_NUMBER=your_twilio_number
